
Microsoft Visual Studio Solution File, Format Version 12.00
# Visual Studio Version 17
VisualStudioVersion = 17.3.32819.101
MinimumVisualStudioVersion = 10.0.40219.1
Project("{9A19103F-16F7-4668-BE54-9A1E7A4F7556}") = "Portal", "SSWFProject\Portal.csproj", "{F58A5445-30A0-4EA9-B7B4-A7A586C0210F}"
EndProject
Project("{2150E333-8FDC-42A3-9474-1A3956D46DE8}") = "Core", "Core", "{D40928EF-72DA-4976-8AEF-0B3CBF314C04}"
EndProject
Project("{9A19103F-16F7-4668-BE54-9A1E7A4F7556}") = "Domain", "Domain\Domain.csproj", "{2A8B3F3E-909B-4315-A7D7-D5D0D9A914AA}"
EndProject
Project("{9A19103F-16F7-4668-BE54-9A1E7A4F7556}") = "Domain.Tests", "Domain.Tests\Domain.Tests.csproj", "{00F79DFD-6A4F-4099-9FE4-EDF37C942E51}"
EndProject
Project("{9A19103F-16F7-4668-BE54-9A1E7A4F7556}") = "DomainServices", "DomainServices\DomainServices.csproj", "{62F9B40A-020B-442D-AF29-F63AE42E6072}"
EndProject
Project("{9A19103F-16F7-4668-BE54-9A1E7A4F7556}") = "DomainServices.Tests", "DomainServices.Tests\DomainServices.Tests.csproj", "{471EE788-1721-436C-A842-97DE2D96401D}"
EndProject
Project("{2150E333-8FDC-42A3-9474-1A3956D46DE8}") = "Infrastructure", "Infrastructure", "{F31054C4-5B3C-4EA5-B1E4-F7C6C9DE9242}"
EndProject
Project("{2150E333-8FDC-42A3-9474-1A3956D46DE8}") = "UI", "UI", "{892805E4-40F4-4853-93F4-78D6E692D13C}"
EndProject
Project("{9A19103F-16F7-4668-BE54-9A1E7A4F7556}") = "Portal.Tests", "Portal.Tests\Portal.Tests.csproj", "{68D41DA3-AD40-4EDF-9E7D-D75B6549736D}"
EndProject
Project("{9A19103F-16F7-4668-BE54-9A1E7A4F7556}") = "EB_EF", "EB_EF\EB_EF.csproj", "{C0B6274F-AB28-4869-8ADC-0A34F1549052}"
EndProject
Project("{9A19103F-16F7-4668-BE54-9A1E7A4F7556}") = "EB_EF.Tests", "EB_EF.Tests\EB_EF.Tests.csproj", "{A704B9A7-677F-4948-9501-254279EC833D}"
EndProject
Project("{9A19103F-16F7-4668-BE54-9A1E7A4F7556}") = "EB_WebAPI", "EB_WebAPI\EB_WebAPI.csproj", "{8A1F9FB5-40D5-48E4-B271-E39BC54FC846}"
EndProject
Project("{FAE04EC0-301F-11D3-BF4B-00C04F79EFBC}") = "EB_GraphQL", "EB_GraphQL\EB_GraphQL.csproj", "{AFF4EE72-395D-4E9B-B38D-52B9DBD41547}"
	ProjectSection(ProjectDependencies) = postProject
		{2A8B3F3E-909B-4315-A7D7-D5D0D9A914AA} = {2A8B3F3E-909B-4315-A7D7-D5D0D9A914AA}
		{62F9B40A-020B-442D-AF29-F63AE42E6072} = {62F9B40A-020B-442D-AF29-F63AE42E6072}
		{C0B6274F-AB28-4869-8ADC-0A34F1549052} = {C0B6274F-AB28-4869-8ADC-0A34F1549052}
	EndProjectSection
EndProject
Global
	GlobalSection(SolutionConfigurationPlatforms) = preSolution
		Debug|Any CPU = Debug|Any CPU
		Release|Any CPU = Release|Any CPU
	EndGlobalSection
	GlobalSection(ProjectConfigurationPlatforms) = postSolution
		{F58A5445-30A0-4EA9-B7B4-A7A586C0210F}.Debug|Any CPU.ActiveCfg = Debug|Any CPU
		{F58A5445-30A0-4EA9-B7B4-A7A586C0210F}.Debug|Any CPU.Build.0 = Debug|Any CPU
		{F58A5445-30A0-4EA9-B7B4-A7A586C0210F}.Release|Any CPU.ActiveCfg = Release|Any CPU
		{F58A5445-30A0-4EA9-B7B4-A7A586C0210F}.Release|Any CPU.Build.0 = Release|Any CPU
		{2A8B3F3E-909B-4315-A7D7-D5D0D9A914AA}.Debug|Any CPU.ActiveCfg = Debug|Any CPU
		{2A8B3F3E-909B-4315-A7D7-D5D0D9A914AA}.Debug|Any CPU.Build.0 = Debug|Any CPU
		{2A8B3F3E-909B-4315-A7D7-D5D0D9A914AA}.Release|Any CPU.ActiveCfg = Release|Any CPU
		{2A8B3F3E-909B-4315-A7D7-D5D0D9A914AA}.Release|Any CPU.Build.0 = Release|Any CPU
		{00F79DFD-6A4F-4099-9FE4-EDF37C942E51}.Debug|Any CPU.ActiveCfg = Debug|Any CPU
		{00F79DFD-6A4F-4099-9FE4-EDF37C942E51}.Debug|Any CPU.Build.0 = Debug|Any CPU
		{00F79DFD-6A4F-4099-9FE4-EDF37C942E51}.Release|Any CPU.ActiveCfg = Release|Any CPU
		{00F79DFD-6A4F-4099-9FE4-EDF37C942E51}.Release|Any CPU.Build.0 = Release|Any CPU
		{62F9B40A-020B-442D-AF29-F63AE42E6072}.Debug|Any CPU.ActiveCfg = Debug|Any CPU
		{62F9B40A-020B-442D-AF29-F63AE42E6072}.Debug|Any CPU.Build.0 = Debug|Any CPU
		{62F9B40A-020B-442D-AF29-F63AE42E6072}.Release|Any CPU.ActiveCfg = Release|Any CPU
		{62F9B40A-020B-442D-AF29-F63AE42E6072}.Release|Any CPU.Build.0 = Release|Any CPU
		{471EE788-1721-436C-A842-97DE2D96401D}.Debug|Any CPU.ActiveCfg = Debug|Any CPU
		{471EE788-1721-436C-A842-97DE2D96401D}.Debug|Any CPU.Build.0 = Debug|Any CPU
		{471EE788-1721-436C-A842-97DE2D96401D}.Release|Any CPU.ActiveCfg = Release|Any CPU
		{471EE788-1721-436C-A842-97DE2D96401D}.Release|Any CPU.Build.0 = Release|Any CPU
		{68D41DA3-AD40-4EDF-9E7D-D75B6549736D}.Debug|Any CPU.ActiveCfg = Debug|Any CPU
		{68D41DA3-AD40-4EDF-9E7D-D75B6549736D}.Debug|Any CPU.Build.0 = Debug|Any CPU
		{68D41DA3-AD40-4EDF-9E7D-D75B6549736D}.Release|Any CPU.ActiveCfg = Release|Any CPU
		{68D41DA3-AD40-4EDF-9E7D-D75B6549736D}.Release|Any CPU.Build.0 = Release|Any CPU
		{C0B6274F-AB28-4869-8ADC-0A34F1549052}.Debug|Any CPU.ActiveCfg = Debug|Any CPU
		{C0B6274F-AB28-4869-8ADC-0A34F1549052}.Debug|Any CPU.Build.0 = Debug|Any CPU
		{C0B6274F-AB28-4869-8ADC-0A34F1549052}.Release|Any CPU.ActiveCfg = Release|Any CPU
		{C0B6274F-AB28-4869-8ADC-0A34F1549052}.Release|Any CPU.Build.0 = Release|Any CPU
		{A704B9A7-677F-4948-9501-254279EC833D}.Debug|Any CPU.ActiveCfg = Debug|Any CPU
		{A704B9A7-677F-4948-9501-254279EC833D}.Debug|Any CPU.Build.0 = Debug|Any CPU
		{A704B9A7-677F-4948-9501-254279EC833D}.Release|Any CPU.ActiveCfg = Release|Any CPU
		{A704B9A7-677F-4948-9501-254279EC833D}.Release|Any CPU.Build.0 = Release|Any CPU
		{8A1F9FB5-40D5-48E4-B271-E39BC54FC846}.Debug|Any CPU.ActiveCfg = Debug|Any CPU
		{8A1F9FB5-40D5-48E4-B271-E39BC54FC846}.Debug|Any CPU.Build.0 = Debug|Any CPU
		{8A1F9FB5-40D5-48E4-B271-E39BC54FC846}.Release|Any CPU.ActiveCfg = Release|Any CPU
		{8A1F9FB5-40D5-48E4-B271-E39BC54FC846}.Release|Any CPU.Build.0 = Release|Any CPU
		{AFF4EE72-395D-4E9B-B38D-52B9DBD41547}.Debug|Any CPU.ActiveCfg = Debug|Any CPU
		{AFF4EE72-395D-4E9B-B38D-52B9DBD41547}.Debug|Any CPU.Build.0 = Debug|Any CPU
		{AFF4EE72-395D-4E9B-B38D-52B9DBD41547}.Release|Any CPU.ActiveCfg = Release|Any CPU
		{AFF4EE72-395D-4E9B-B38D-52B9DBD41547}.Release|Any CPU.Build.0 = Release|Any CPU
	EndGlobalSection
	GlobalSection(SolutionProperties) = preSolution
		HideSolutionNode = FALSE
	EndGlobalSection
	GlobalSection(NestedProjects) = preSolution
		{F58A5445-30A0-4EA9-B7B4-A7A586C0210F} = {892805E4-40F4-4853-93F4-78D6E692D13C}
		{2A8B3F3E-909B-4315-A7D7-D5D0D9A914AA} = {D40928EF-72DA-4976-8AEF-0B3CBF314C04}
		{00F79DFD-6A4F-4099-9FE4-EDF37C942E51} = {D40928EF-72DA-4976-8AEF-0B3CBF314C04}
		{62F9B40A-020B-442D-AF29-F63AE42E6072} = {D40928EF-72DA-4976-8AEF-0B3CBF314C04}
		{471EE788-1721-436C-A842-97DE2D96401D} = {D40928EF-72DA-4976-8AEF-0B3CBF314C04}
		{68D41DA3-AD40-4EDF-9E7D-D75B6549736D} = {892805E4-40F4-4853-93F4-78D6E692D13C}
		{C0B6274F-AB28-4869-8ADC-0A34F1549052} = {F31054C4-5B3C-4EA5-B1E4-F7C6C9DE9242}
		{A704B9A7-677F-4948-9501-254279EC833D} = {F31054C4-5B3C-4EA5-B1E4-F7C6C9DE9242}
		{8A1F9FB5-40D5-48E4-B271-E39BC54FC846} = {892805E4-40F4-4853-93F4-78D6E692D13C}
		{AFF4EE72-395D-4E9B-B38D-52B9DBD41547} = {892805E4-40F4-4853-93F4-78D6E692D13C}
	EndGlobalSection
	GlobalSection(ExtensibilityGlobals) = postSolution
		SolutionGuid = {B4410514-562C-4C6D-9ACF-AA9C9CAE2DBF}
	EndGlobalSection
EndGlobal
